
Microsoft Visual Studio Solution File, Format Version 12.00
# Visual Studio 2013
VisualStudioVersion = 12.0.30723.0
MinimumVisualStudioVersion = 10.0.40219.1
Project("{FAE04EC0-301F-11D3-BF4B-00C04F79EFBC}") = "ElectronicPaper", "SmartSchool.ePaper\ElectronicPaper.csproj", "{9CB3E530-F207-445A-BD1A-0638966FB15C}"
EndProject
Global
	GlobalSection(TeamFoundationVersionControl) = preSolution
		SccNumberOfProjects = 2
		SccEnterpriseProvider = {4CA58AB2-18FA-4F8D-95D4-32DDF27D184C}
		SccTeamFoundationServer = http://140.126.57.204:8080/tfs/tfs2008
		SccLocalPath0 = .
		SccProjectUniqueName1 = SmartSchool.ePaper\\ElectronicPaper.csproj
		SccProjectName1 = SmartSchool.ePaper
		SccLocalPath1 = SmartSchool.ePaper
	EndGlobalSection
	GlobalSection(SolutionConfigurationPlatforms) = preSolution
		Debug|Any CPU = Debug|Any CPU
		Release|Any CPU = Release|Any CPU
	EndGlobalSection
	GlobalSection(ProjectConfigurationPlatforms) = postSolution
		{9CB3E530-F207-445A-BD1A-0638966FB15C}.Debug|Any CPU.ActiveCfg = Debug|Any CPU
		{9CB3E530-F207-445A-BD1A-0638966FB15C}.Debug|Any CPU.Build.0 = Debug|Any CPU
		{9CB3E530-F207-445A-BD1A-0638966FB15C}.Release|Any CPU.ActiveCfg = Release|Any CPU
		{9CB3E530-F207-445A-BD1A-0638966FB15C}.Release|Any CPU.Build.0 = Release|Any CPU
	EndGlobalSection
	GlobalSection(SolutionProperties) = preSolution
		HideSolutionNode = FALSE
	EndGlobalSection
EndGlobal
